
Microsoft Visual Studio Solution File, Format Version 12.00
# Visual Studio Version 17
VisualStudioVersion = 17.3.32825.248
MinimumVisualStudioVersion = 10.0.40219.1
Project("{FAE04EC0-301F-11D3-BF4B-00C04F79EFBC}") = "DataStructuresAndAlgorithms", "DataStructuresAndAlgorithms.csproj", "{6665AEF0-10B2-4451-9433-EAC63DAFDB25}"
EndProject
Global
	GlobalSection(SolutionConfigurationPlatforms) = preSolution
		Debug|Any CPU = Debug|Any CPU
		Release|Any CPU = Release|Any CPU
	EndGlobalSection
	GlobalSection(ProjectConfigurationPlatforms) = postSolution
		{6665AEF0-10B2-4451-9433-EAC63DAFDB25}.Debug|Any CPU.ActiveCfg = Debug|Any CPU
		{6665AEF0-10B2-4451-9433-EAC63DAFDB25}.Debug|Any CPU.Build.0 = Debug|Any CPU
		{6665AEF0-10B2-4451-9433-EAC63DAFDB25}.Release|Any CPU.ActiveCfg = Release|Any CPU
		{6665AEF0-10B2-4451-9433-EAC63DAFDB25}.Release|Any CPU.Build.0 = Release|Any CPU
	EndGlobalSection
	GlobalSection(SolutionProperties) = preSolution
		HideSolutionNode = FALSE
	EndGlobalSection
	GlobalSection(ExtensibilityGlobals) = postSolution
		SolutionGuid = {EE58BA43-1442-4388-BBE3-3C7DCA6C097B}
	EndGlobalSection
EndGlobal
